// !$*UTF8*$!
{
	archiveVersion = 1;
	classes = {
	};
	objectVersion = 50;
	objects = {

/* Begin PBXBuildFile section */
		80DBAFFD20E60DB300A03E13 /* AppDelegate.m in Sources */ = {isa = PBXBuildFile; fileRef = 80DBAFFC20E60DB300A03E13 /* AppDelegate.m */; };
		80DBB00020E60DB300A03E13 /* ViewController.m in Sources */ = {isa = PBXBuildFile; fileRef = 80DBAFFF20E60DB300A03E13 /* ViewController.m */; };
		80DBB00320E60DB300A03E13 /* Main.storyboard in Resources */ = {isa = PBXBuildFile; fileRef = 80DBB00120E60DB300A03E13 /* Main.storyboard */; };
		80DBB00520E60DB700A03E13 /* Assets.xcassets in Resources */ = {isa = PBXBuildFile; fileRef = 80DBB00420E60DB700A03E13 /* Assets.xcassets */; };
		80DBB00820E60DB700A03E13 /* LaunchScreen.storyboard in Resources */ = {isa = PBXBuildFile; fileRef = 80DBB00620E60DB700A03E13 /* LaunchScreen.storyboard */; };
		80DBB00B20E60DB700A03E13 /* main.m in Sources */ = {isa = PBXBuildFile; fileRef = 80DBB00A20E60DB700A03E13 /* main.m */; };
		80DBB01520E60DB700A03E13 /* ____Tests.m in Sources */ = {isa = PBXBuildFile; fileRef = 80DBB01420E60DB700A03E13 /* ____Tests.m */; };
		80DBB02020E60DB700A03E13 /* ____UITests.m in Sources */ = {isa = PBXBuildFile; fileRef = 80DBB01F20E60DB700A03E13 /* ____UITests.m */; };
/* End PBXBuildFile section */

/* Begin PBXContainerItemProxy section */
		80DBB01120E60DB700A03E13 /* PBXContainerItemProxy */ = {
			isa = PBXContainerItemProxy;
			containerPortal = 80DBAFF020E60DB300A03E13 /* Project object */;
			proxyType = 1;
			remoteGlobalIDString = 80DBAFF720E60DB300A03E13;
			remoteInfo = "弹框选择";
		};
		80DBB01C20E60DB700A03E13 /* PBXContainerItemProxy */ = {
			isa = PBXContainerItemProxy;
			containerPortal = 80DBAFF020E60DB300A03E13 /* Project object */;
			proxyType = 1;
			remoteGlobalIDString = 80DBAFF720E60DB300A03E13;
			remoteInfo = "弹框选择";
		};
/* End PBXContainerItemProxy section */

/* Begin PBXFileReference section */
		80DBAFF820E60DB300A03E13 /* 弹框选择.app */ = {isa = PBXFileReference; explicitFileType = wrapper.application; includeInIndex = 0; path = "弹框选择.app"; sourceTree = BUILT_PRODUCTS_DIR; };
		80DBAFFB20E60DB300A03E13 /* AppDelegate.h */ = {isa = PBXFileReference; lastKnownFileType = sourcecode.c.h; path = AppDelegate.h; sourceTree = "<group>"; };
		80DBAFFC20E60DB300A03E13 /* AppDelegate.m */ = {isa = PBXFileReference; lastKnownFileType = sourcecode.c.objc; path = AppDelegate.m; sourceTree = "<group>"; };
		80DBAFFE20E60DB300A03E13 /* ViewController.h */ = {isa = PBXFileReference; lastKnownFileType = sourcecode.c.h; path = ViewController.h; sourceTree = "<group>"; };
		80DBAFFF20E60DB300A03E13 /* ViewController.m */ = {isa = PBXFileReference; lastKnownFileType = sourcecode.c.objc; path = ViewController.m; sourceTree = "<group>"; };
		80DBB00220E60DB300A03E13 /* Base */ = {isa = PBXFileReference; lastKnownFileType = file.storyboard; name = Base; path = Base.lproj/Main.storyboard; sourceTree = "<group>"; };
		80DBB00420E60DB700A03E13 /* Assets.xcassets */ = {isa = PBXFileReference; lastKnownFileType = folder.assetcatalog; path = Assets.xcassets; sourceTree = "<group>"; };
		80DBB00720E60DB700A03E13 /* Base */ = {isa = PBXFileReference; lastKnownFileType = file.storyboard; name = Base; path = Base.lproj/LaunchScreen.storyboard; sourceTree = "<group>"; };
		80DBB00920E60DB700A03E13 /* Info.plist */ = {isa = PBXFileReference; lastKnownFileType = text.plist.xml; path = Info.plist; sourceTree = "<group>"; };
		80DBB00A20E60DB700A03E13 /* main.m */ = {isa = PBXFileReference; lastKnownFileType = sourcecode.c.objc; path = main.m; sourceTree = "<group>"; };
		80DBB01020E60DB700A03E13 /* 弹框选择Tests.xctest */ = {isa = PBXFileReference; explicitFileType = wrapper.cfbundle; includeInIndex = 0; path = "弹框选择Tests.xctest"; sourceTree = BUILT_PRODUCTS_DIR; };
		80DBB01420E60DB700A03E13 /* ____Tests.m */ = {isa = PBXFileReference; lastKnownFileType = sourcecode.c.objc; path = "____Tests.m"; sourceTree = "<group>"; };
		80DBB01620E60DB700A03E13 /* Info.plist */ = {isa = PBXFileReference; lastKnownFileType = text.plist.xml; path = Info.plist; sourceTree = "<group>"; };
		80DBB01B20E60DB700A03E13 /* 弹框选择UITests.xctest */ = {isa = PBXFileReference; explicitFileType = wrapper.cfbundle; includeInIndex = 0; path = "弹框选择UITests.xctest"; sourceTree = BUILT_PRODUCTS_DIR; };
		80DBB01F20E60DB700A03E13 /* ____UITests.m */ = {isa = PBXFileReference; lastKnownFileType = sourcecode.c.objc; path = "____UITests.m"; sourceTree = "<group>"; };
		80DBB02120E60DB700A03E13 /* Info.plist */ = {isa = PBXFileReference; lastKnownFileType = text.plist.xml; path = Info.plist; sourceTree = "<group>"; };
/* End PBXFileReference section */

/* Begin PBXFrameworksBuildPhase section */
		80DBAFF520E60DB300A03E13 /* Frameworks */ = {
			isa = PBXFrameworksBuildPhase;
			buildActionMask = 2147483647;
			files = (
			);
			runOnlyForDeploymentPostprocessing = 0;
		};
		80DBB00D20E60DB700A03E13 /* Frameworks */ = {
			isa = PBXFrameworksBuildPhase;
			buildActionMask = 2147483647;
			files = (
			);
			runOnlyForDeploymentPostprocessing = 0;
		};
		80DBB01820E60DB700A03E13 /* Frameworks */ = {
			isa = PBXFrameworksBuildPhase;
			buildActionMask = 2147483647;
			files = (
			);
			runOnlyForDeploymentPostprocessing = 0;
		};
/* End PBXFrameworksBuildPhase section */

/* Begin PBXGroup section */
		80DBAFEF20E60DB300A03E13 = {
			isa = PBXGroup;
			children = (
				80DBAFFA20E60DB300A03E13 /* 弹框选择 */,
				80DBB01320E60DB700A03E13 /* 弹框选择Tests */,
				80DBB01E20E60DB700A03E13 /* 弹框选择UITests */,
				80DBAFF920E60DB300A03E13 /* Products */,
			);
			sourceTree = "<group>";
		};
		80DBAFF920E60DB300A03E13 /* Products */ = {
			isa = PBXGroup;
			children = (
				80DBAFF820E60DB300A03E13 /* 弹框选择.app */,
				80DBB01020E60DB700A03E13 /* 弹框选择Tests.xctest */,
				80DBB01B20E60DB700A03E13 /* 弹框选择UITests.xctest */,
			);
			name = Products;
			sourceTree = "<group>";
		};
		80DBAFFA20E60DB300A03E13 /* 弹框选择 */ = {
			isa = PBXGroup;
			children = (
				80DBAFFB20E60DB300A03E13 /* AppDelegate.h */,
				80DBAFFC20E60DB300A03E13 /* AppDelegate.m */,
				80DBAFFE20E60DB300A03E13 /* ViewController.h */,
				80DBAFFF20E60DB300A03E13 /* ViewController.m */,
				80DBB00120E60DB300A03E13 /* Main.storyboard */,
				80DBB00420E60DB700A03E13 /* Assets.xcassets */,
				80DBB00620E60DB700A03E13 /* LaunchScreen.storyboard */,
				80DBB00920E60DB700A03E13 /* Info.plist */,
				80DBB00A20E60DB700A03E13 /* main.m */,
			);
			path = "弹框选择";
			sourceTree = "<group>";
		};
		80DBB01320E60DB700A03E13 /* 弹框选择Tests */ = {
			isa = PBXGroup;
			children = (
				80DBB01420E60DB700A03E13 /* ____Tests.m */,
				80DBB01620E60DB700A03E13 /* Info.plist */,
			);
			path = "弹框选择Tests";
			sourceTree = "<group>";
		};
		80DBB01E20E60DB700A03E13 /* 弹框选择UITests */ = {
			isa = PBXGroup;
			children = (
				80DBB01F20E60DB700A03E13 /* ____UITests.m */,
				80DBB02120E60DB700A03E13 /* Info.plist */,
			);
			path = "弹框选择UITests";
			sourceTree = "<group>";
		};
/* End PBXGroup section */

/* Begin PBXNativeTarget section */
		80DBAFF720E60DB300A03E13 /* 弹框选择 */ = {
			isa = PBXNativeTarget;
			buildConfigurationList = 80DBB02420E60DB700A03E13 /* Build configuration list for PBXNativeTarget "弹框选择" */;
			buildPhases = (
				80DBAFF420E60DB300A03E13 /* Sources */,
				80DBAFF520E60DB300A03E13 /* Frameworks */,
				80DBAFF620E60DB300A03E13 /* Resources */,
			);
			buildRules = (
			);
			dependencies = (
			);
			name = "弹框选择";
			productName = "弹框选择";
			productReference = 80DBAFF820E60DB300A03E13 /* 弹框选择.app */;
			productType = "com.apple.product-type.application";
		};
		80DBB00F20E60DB700A03E13 /* 弹框选择Tests */ = {
			isa = PBXNativeTarget;
			buildConfigurationList = 80DBB02720E60DB700A03E13 /* Build configuration list for PBXNativeTarget "弹框选择Tests" */;
			buildPhases = (
				80DBB00C20E60DB700A03E13 /* Sources */,
				80DBB00D20E60DB700A03E13 /* Frameworks */,
				80DBB00E20E60DB700A03E13 /* Resources */,
			);
			buildRules = (
			);
			dependencies = (
				80DBB01220E60DB700A03E13 /* PBXTargetDependency */,
			);
			name = "弹框选择Tests";
			productName = "弹框选择Tests";
			productReference = 80DBB01020E60DB700A03E13 /* 弹框选择Tests.xctest */;
			productType = "com.apple.product-type.bundle.unit-test";
		};
		80DBB01A20E60DB700A03E13 /* 弹框选择UITests */ = {
			isa = PBXNativeTarget;
			buildConfigurationList = 80DBB02A20E60DB700A03E13 /* Build configuration list for PBXNativeTarget "弹框选择UITests" */;
			buildPhases = (
				80DBB01720E60DB700A03E13 /* Sources */,
				80DBB01820E60DB700A03E13 /* Frameworks */,
				80DBB01920E60DB700A03E13 /* Resources */,
			);
			buildRules = (
			);
			dependencies = (
				80DBB01D20E60DB700A03E13 /* PBXTargetDependency */,
			);
			name = "弹框选择UITests";
			productName = "弹框选择UITests";
			productReference = 80DBB01B20E60DB700A03E13 /* 弹框选择UITests.xctest */;
			productType = "com.apple.product-type.bundle.ui-testing";
		};
/* End PBXNativeTarget section */

/* Begin PBXProject section */
		80DBAFF020E60DB300A03E13 /* Project object */ = {
			isa = PBXProject;
			attributes = {
				LastUpgradeCheck = 0940;
				ORGANIZATIONNAME = "中都格罗唯视";
				TargetAttributes = {
					80DBAFF720E60DB300A03E13 = {
						CreatedOnToolsVersion = 9.4.1;
					};
					80DBB00F20E60DB700A03E13 = {
						CreatedOnToolsVersion = 9.4.1;
						TestTargetID = 80DBAFF720E60DB300A03E13;
					};
					80DBB01A20E60DB700A03E13 = {
						CreatedOnToolsVersion = 9.4.1;
						TestTargetID = 80DBAFF720E60DB300A03E13;
					};
				};
			};
			buildConfigurationList = 80DBAFF320E60DB300A03E13 /* Build configuration list for PBXProject "弹框选择" */;
			compatibilityVersion = "Xcode 9.3";
			developmentRegion = en;
			hasScannedForEncodings = 0;
			knownRegions = (
				en,
				Base,
			);
			mainGroup = 80DBAFEF20E60DB300A03E13;
			productRefGroup = 80DBAFF920E60DB300A03E13 /* Products */;
			projectDirPath = "";
			projectRoot = "";
			targets = (
				80DBAFF720E60DB300A03E13 /* 弹框选择 */,
				80DBB00F20E60DB700A03E13 /* 弹框选择Tests */,
				80DBB01A20E60DB700A03E13 /* 弹框选择UITests */,
			);
		};
/* End PBXProject section */

/* Begin PBXResourcesBuildPhase section */
		80DBAFF620E60DB300A03E13 /* Resources */ = {
			isa = PBXResourcesBuildPhase;
			buildActionMask = 2147483647;
			files = (
				80DBB00820E60DB700A03E13 /* LaunchScreen.storyboard in Resources */,
				80DBB00520E60DB700A03E13 /* Assets.xcassets in Resources */,
				80DBB00320E60DB300A03E13 /* Main.storyboard in Resources */,
			);
			runOnlyForDeploymentPostprocessing = 0;
		};
		80DBB00E20E60DB700A03E13 /* Resources */ = {
			isa = PBXResourcesBuildPhase;
			buildActionMask = 2147483647;
			files = (
			);
			runOnlyForDeploymentPostprocessing = 0;
		};
		80DBB01920E60DB700A03E13 /* Resources */ = {
			isa = PBXResourcesBuildPhase;
			buildActionMask = 2147483647;
			files = (
			);
			runOnlyForDeploymentPostprocessing = 0;
		};
/* End PBXResourcesBuildPhase section */

/* Begin PBXSourcesBuildPhase section */
		80DBAFF420E60DB300A03E13 /* Sources */ = {
			isa = PBXSourcesBuildPhase;
			buildActionMask = 2147483647;
			files = (
				80DBB00020E60DB300A03E13 /* ViewController.m in Sources */,
				80DBB00B20E60DB700A03E13 /* main.m in Sources */,
				80DBAFFD20E60DB300A03E13 /* AppDelegate.m in Sources */,
			);
			runOnlyForDeploymentPostprocessing = 0;
		};
		80DBB00C20E60DB700A03E13 /* Sources */ = {
			isa = PBXSourcesBuildPhase;
			buildActionMask = 2147483647;
			files = (
				80DBB01520E60DB700A03E13 /* ____Tests.m in Sources */,
			);
			runOnlyForDeploymentPostprocessing = 0;
		};
		80DBB01720E60DB700A03E13 /* Sources */ = {
			isa = PBXSourcesBuildPhase;
			buildActionMask = 2147483647;
			files = (
				80DBB02020E60DB700A03E13 /* ____UITests.m in Sources */,
			);
			runOnlyForDeploymentPostprocessing = 0;
		};
/* End PBXSourcesBuildPhase section */

/* Begin PBXTargetDependency section */
		80DBB01220E60DB700A03E13 /* PBXTargetDependency */ = {
			isa = PBXTargetDependency;
			target = 80DBAFF720E60DB300A03E13 /* 弹框选择 */;
			targetProxy = 80DBB01120E60DB700A03E13 /* PBXContainerItemProxy */;
		};
		80DBB01D20E60DB700A03E13 /* PBXTargetDependency */ = {
			isa = PBXTargetDependency;
			target = 80DBAFF720E60DB300A03E13 /* 弹框选择 */;
			targetProxy = 80DBB01C20E60DB700A03E13 /* PBXContainerItemProxy */;
		};
/* End PBXTargetDependency section */

/* Begin PBXVariantGroup section */
		80DBB00120E60DB300A03E13 /* Main.storyboard */ = {
			isa = PBXVariantGroup;
			children = (
				80DBB00220E60DB300A03E13 /* Base */,
			);
			name = Main.storyboard;
			sourceTree = "<group>";
		};
		80DBB00620E60DB700A03E13 /* LaunchScreen.storyboard */ = {
			isa = PBXVariantGroup;
			children = (
				80DBB00720E60DB700A03E13 /* Base */,
			);
			name = LaunchScreen.storyboard;
			sourceTree = "<group>";
		};
/* End PBXVariantGroup section */

/* Begin XCBuildConfiguration section */
		80DBB02220E60DB700A03E13 /* Debug */ = {
			isa = XCBuildConfiguration;
			buildSettings = {
				ALWAYS_SEARCH_USER_PATHS = NO;
				CLANG_ANALYZER_NONNULL = YES;
				CLANG_ANALYZER_NUMBER_OBJECT_CONVERSION = YES_AGGRESSIVE;
				CLANG_CXX_LANGUAGE_STANDARD = "gnu++14";
				CLANG_CXX_LIBRARY = "libc++";
				CLANG_ENABLE_MODULES = YES;
				CLANG_ENABLE_OBJC_ARC = YES;
				CLANG_ENABLE_OBJC_WEAK = YES;
				CLANG_WARN_BLOCK_CAPTURE_AUTORELEASING = YES;
				CLANG_WARN_BOOL_CONVERSION = YES;
				CLANG_WARN_COMMA = YES;
				CLANG_WARN_CONSTANT_CONVERSION = YES;
				CLANG_WARN_DEPRECATED_OBJC_IMPLEMENTATIONS = YES;
				CLANG_WARN_DIRECT_OBJC_ISA_USAGE = YES_ERROR;
				CLANG_WARN_DOCUMENTATION_COMMENTS = YES;
				CLANG_WARN_EMPTY_BODY = YES;
				CLANG_WARN_ENUM_CONVERSION = YES;
				CLANG_WARN_INFINITE_RECURSION = YES;
				CLANG_WARN_INT_CONVERSION = YES;
				CLANG_WARN_NON_LITERAL_NULL_CONVERSION = YES;
				CLANG_WARN_OBJC_IMPLICIT_RETAIN_SELF = YES;
				CLANG_WARN_OBJC_LITERAL_CONVERSION = YES;
				CLANG_WARN_OBJC_ROOT_CLASS = YES_ERROR;
				CLANG_WARN_RANGE_LOOP_ANALYSIS = YES;
				CLANG_WARN_STRICT_PROTOTYPES = YES;
				CLANG_WARN_SUSPICIOUS_MOVE = YES;
				CLANG_WARN_UNGUARDED_AVAILABILITY = YES_AGGRESSIVE;
				CLANG_WARN_UNREACHABLE_CODE = YES;
				CLANG_WARN__DUPLICATE_METHOD_MATCH = YES;
				CODE_SIGN_IDENTITY = "iPhone Developer";
				COPY_PHASE_STRIP = NO;
				DEBUG_INFORMATION_FORMAT = dwarf;
				ENABLE_STRICT_OBJC_MSGSEND = YES;
				ENABLE_TESTABILITY = YES;
				GCC_C_LANGUAGE_STANDARD = gnu11;
				GCC_DYNAMIC_NO_PIC = NO;
				GCC_NO_COMMON_BLOCKS = YES;
				GCC_OPTIMIZATION_LEVEL = 0;
				GCC_PREPROCESSOR_DEFINITIONS = (
					"DEBUG=1",
					"$(inherited)",
				);
				GCC_WARN_64_TO_32_BIT_CONVERSION = YES;
				GCC_WARN_ABOUT_RETURN_TYPE = YES_ERROR;
				GCC_WARN_UNDECLARED_SELECTOR = YES;
				GCC_WARN_UNINITIALIZED_AUTOS = YES_AGGRESSIVE;
				GCC_WARN_UNUSED_FUNCTION = YES;
				GCC_WARN_UNUSED_VARIABLE = YES;
				IPHONEOS_DEPLOYMENT_TARGET = 11.4;
				MTL_ENABLE_DEBUG_INFO = YES;
				ONLY_ACTIVE_ARCH = YES;
				SDKROOT = iphoneos;
			};
			name = Debug;
		};
		80DBB02320E60DB700A03E13 /* Release */ = {
			isa = XCBuildConfiguration;
			buildSettings = {
				ALWAYS_SEARCH_USER_PATHS = NO;
				CLANG_ANALYZER_NONNULL = YES;
				CLANG_ANALYZER_NUMBER_OBJECT_CONVERSION = YES_AGGRESSIVE;
				CLANG_CXX_LANGUAGE_STANDARD = "gnu++14";
				CLANG_CXX_LIBRARY = "libc++";
				CLANG_ENABLE_MODULES = YES;
				CLANG_ENABLE_OBJC_ARC = YES;
				CLANG_ENABLE_OBJC_WEAK = YES;
				CLANG_WARN_BLOCK_CAPTURE_AUTORELEASING = YES;
				CLANG_WARN_BOOL_CONVERSION = YES;
				CLANG_WARN_COMMA = YES;
				CLANG_WARN_CONSTANT_CONVERSION = YES;
				CLANG_WARN_DEPRECATED_OBJC_IMPLEMENTATIONS = YES;
				CLANG_WARN_DIRECT_OBJC_ISA_USAGE = YES_ERROR;
				CLANG_WARN_DOCUMENTATION_COMMENTS = YES;
				CLANG_WARN_EMPTY_BODY = YES;
				CLANG_WARN_ENUM_CONVERSION = YES;
				CLANG_WARN_INFINITE_RECURSION = YES;
				CLANG_WARN_INT_CONVERSION = YES;
				CLANG_WARN_NON_LITERAL_NULL_CONVERSION = YES;
				CLANG_WARN_OBJC_IMPLICIT_RETAIN_SELF = YES;
				CLANG_WARN_OBJC_LITERAL_CONVERSION = YES;
				CLANG_WARN_OBJC_ROOT_CLASS = YES_ERROR;
				CLANG_WARN_RANGE_LOOP_ANALYSIS = YES;
				CLANG_WARN_STRICT_PROTOTYPES = YES;
				CLANG_WARN_SUSPICIOUS_MOVE = YES;
				CLANG_WARN_UNGUARDED_AVAILABILITY = YES_AGGRESSIVE;
				CLANG_WARN_UNREACHABLE_CODE = YES;
				CLANG_WARN__DUPLICATE_METHOD_MATCH = YES;
				CODE_SIGN_IDENTITY = "iPhone Developer";
				COPY_PHASE_STRIP = NO;
				DEBUG_INFORMATION_FORMAT = "dwarf-with-dsym";
				ENABLE_NS_ASSERTIONS = NO;
				ENABLE_STRICT_OBJC_MSGSEND = YES;
				GCC_C_LANGUAGE_STANDARD = gnu11;
				GCC_NO_COMMON_BLOCKS = YES;
				GCC_WARN_64_TO_32_BIT_CONVERSION = YES;
				GCC_WARN_ABOUT_RETURN_TYPE = YES_ERROR;
				GCC_WARN_UNDECLARED_SELECTOR = YES;
				GCC_WARN_UNINITIALIZED_AUTOS = YES_AGGRESSIVE;
				GCC_WARN_UNUSED_FUNCTION = YES;
				GCC_WARN_UNUSED_VARIABLE = YES;
				IPHONEOS_DEPLOYMENT_TARGET = 11.4;
				MTL_ENABLE_DEBUG_INFO = NO;
				SDKROOT = iphoneos;
				VALIDATE_PRODUCT = YES;
			};
			name = Release;
		};
		80DBB02520E60DB700A03E13 /* Debug */ = {
			isa = XCBuildConfiguration;
			buildSettings = {
				ASSETCATALOG_COMPILER_APPICON_NAME = AppIcon;
				CODE_SIGN_STYLE = Automatic;
				DEVELOPMENT_TEAM = M73FT4GVKP;
				INFOPLIST_FILE = "弹框选择/Info.plist";
				LD_RUNPATH_SEARCH_PATHS = (
					"$(inherited)",
					"@executable_path/Frameworks",
				);
				PRODUCT_BUNDLE_IDENTIFIER = "cn.com.hyundai.----";
				PRODUCT_NAME = "$(TARGET_NAME)";
				TARGETED_DEVICE_FAMILY = "1,2";
			};
			name = Debug;
		};
		80DBB02620E60DB700A03E13 /* Release */ = {
			isa = XCBuildConfiguration;
			buildSettings = {
				ASSETCATALOG_COMPILER_APPICON_NAME = AppIcon;
				CODE_SIGN_STYLE = Automatic;
				DEVELOPMENT_TEAM = M73FT4GVKP;
				INFOPLIST_FILE = "弹框选择/Info.plist";
				LD_RUNPATH_SEARCH_PATHS = (
					"$(inherited)",
					"@executable_path/Frameworks",
				);
				PRODUCT_BUNDLE_IDENTIFIER = "cn.com.hyundai.----";
				PRODUCT_NAME = "$(TARGET_NAME)";
				TARGETED_DEVICE_FAMILY = "1,2";
			};
			name = Release;
		};
		80DBB02820E60DB700A03E13 /* Debug */ = {
			isa = XCBuildConfiguration;
			buildSettings = {
				BUNDLE_LOADER = "$(TEST_HOST)";
				CODE_SIGN_STYLE = Automatic;
				DEVELOPMENT_TEAM = M73FT4GVKP;
				INFOPLIST_FILE = "弹框选择Tests/Info.plist";
				LD_RUNPATH_SEARCH_PATHS = (
					"$(inherited)",
					"@executable_path/Frameworks",
					"@loader_path/Frameworks",
				);
				PRODUCT_BUNDLE_IDENTIFIER = "cn.com.hyundai.----Tests";
				PRODUCT_NAME = "$(TARGET_NAME)";
				TARGETED_DEVICE_FAMILY = "1,2";
				TEST_HOST = "$(BUILT_PRODUCTS_DIR)/弹框选择.app/弹框选择";
			};
			name = Debug;
		};
		80DBB02920E60DB700A03E13 /* Release */ = {
			isa = XCBuildConfiguration;
			buildSettings = {
				BUNDLE_LOADER = "$(TEST_HOST)";
				CODE_SIGN_STYLE = Automatic;
				DEVELOPMENT_TEAM = M73FT4GVKP;
				INFOPLIST_FILE = "弹框选择Tests/Info.plist";
				LD_RUNPATH_SEARCH_PATHS = (
					"$(inherited)",
					"@executable_path/Frameworks",
					"@loader_path/Frameworks",
				);
				PRODUCT_BUNDLE_IDENTIFIER = "cn.com.hyundai.----Tests";
				PRODUCT_NAME = "$(TARGET_NAME)";
				TARGETED_DEVICE_FAMILY = "1,2";
				TEST_HOST = "$(BUILT_PRODUCTS_DIR)/弹框选择.app/弹框选择";
			};
			name = Release;
		};
		80DBB02B20E60DB700A03E13 /* Debug */ = {
			isa = XCBuildConfiguration;
			buildSettings = {
				CODE_SIGN_STYLE = Automatic;
				DEVELOPMENT_TEAM = M73FT4GVKP;
				INFOPLIST_FILE = "弹框选择UITests/Info.plist";
				LD_RUNPATH_SEARCH_PATHS = (
					"$(inherited)",
					"@executable_path/Frameworks",
					"@loader_path/Frameworks",
				);
				PRODUCT_BUNDLE_IDENTIFIER = "cn.com.hyundai.----UITests";
				PRODUCT_NAME = "$(TARGET_NAME)";
				TARGETED_DEVICE_FAMILY = "1,2";
				TEST_TARGET_NAME = "弹框选择";
			};
			name = Debug;
		};
		80DBB02C20E60DB700A03E13 /* Release */ = {
			isa = XCBuildConfiguration;
			buildSettings = {
				CODE_SIGN_STYLE = Automatic;
				DEVELOPMENT_TEAM = M73FT4GVKP;
				INFOPLIST_FILE = "弹框选择UITests/Info.plist";
				LD_RUNPATH_SEARCH_PATHS = (
					"$(inherited)",
					"@executable_path/Frameworks",
					"@loader_path/Frameworks",
				);
				PRODUCT_BUNDLE_IDENTIFIER = "cn.com.hyundai.----UITests";
				PRODUCT_NAME = "$(TARGET_NAME)";
				TARGETED_DEVICE_FAMILY = "1,2";
				TEST_TARGET_NAME = "弹框选择";
			};
			name = Release;
		};
/* End XCBuildConfiguration section */

/* Begin XCConfigurationList section */
		80DBAFF320E60DB300A03E13 /* Build configuration list for PBXProject "弹框选择" */ = {
			isa = XCConfigurationList;
			buildConfigurations = (
				80DBB02220E60DB700A03E13 /* Debug */,
				80DBB02320E60DB700A03E13 /* Release */,
			);
			defaultConfigurationIsVisible = 0;
			defaultConfigurationName = Release;
		};
		80DBB02420E60DB700A03E13 /* Build configuration list for PBXNativeTarget "弹框选择" */ = {
			isa = XCConfigurationList;
			buildConfigurations = (
				80DBB02520E60DB700A03E13 /* Debug */,
				80DBB02620E60DB700A03E13 /* Release */,
			);
			defaultConfigurationIsVisible = 0;
			defaultConfigurationName = Release;
		};
		80DBB02720E60DB700A03E13 /* Build configuration list for PBXNativeTarget "弹框选择Tests" */ = {
			isa = XCConfigurationList;
			buildConfigurations = (
				80DBB02820E60DB700A03E13 /* Debug */,
				80DBB02920E60DB700A03E13 /* Release */,
			);
			defaultConfigurationIsVisible = 0;
			defaultConfigurationName = Release;
		};
		80DBB02A20E60DB700A03E13 /* Build configuration list for PBXNativeTarget "弹框选择UITests" */ = {
			isa = XCConfigurationList;
			buildConfigurations = (
				80DBB02B20E60DB700A03E13 /* Debug */,
				80DBB02C20E60DB700A03E13 /* Release */,
			);
			defaultConfigurationIsVisible = 0;
			defaultConfigurationName = Release;
		};
/* End XCConfigurationList section */
	};
	rootObject = 80DBAFF020E60DB300A03E13 /* Project object */;
}
